{
  "name": "space-invaders",
  "version": "1.0.0",
  "lockfileVersion": 1,
  "requires": true,
  "dependencies": {
    "@pixi/constants": {
      "version": "5.1.0",
      "resolved": "https://registry.npmjs.org/@pixi/constants/-/constants-5.1.0.tgz",
      "integrity": "sha512-86cogDvjF9yNvmxeizwkIhA0Kl2z3gUSWMf2daYx903dzyje7fwkzRrKLnqDUn6vSAxRXiska0DMJhwYsIC29w=="
    },
    "@pixi/core": {
      "version": "5.1.1",
      "resolved": "https://registry.npmjs.org/@pixi/core/-/core-5.1.1.tgz",
      "integrity": "sha512-VSWMUhK4ZM66/i+0IjEOIKm+4jDDvunFsaOF99LTq3vk1MqsuMxzibyowylu/Roy5mdtscK6tV9cbt/Pyvzs0w==",
      "requires": {
        "@pixi/constants": "^5.1.0",
        "@pixi/display": "^5.1.1",
        "@pixi/math": "^5.1.0",
        "@pixi/runner": "^5.1.1",
        "@pixi/settings": "^5.1.1",
        "@pixi/ticker": "^5.1.1",
        "@pixi/utils": "^5.1.1"
      }
    },
    "@pixi/display": {
      "version": "5.1.1",
      "resolved": "https://registry.npmjs.org/@pixi/display/-/display-5.1.1.tgz",
      "integrity": "sha512-ncHqtV5Cx+kf4191sR74w248F+Y/O4CPH/kBt0GdNIotoLrZYETxEBfN94NWTV02182HKoe3jznv/VChbQO+Kw==",
      "requires": {
        "@pixi/math": "^5.1.0",
        "@pixi/settings": "^5.1.1",
        "@pixi/utils": "^5.1.1"
      }
    },
    "@pixi/loaders": {
      "version": "5.1.1",
      "resolved": "https://registry.npmjs.org/@pixi/loaders/-/loaders-5.1.1.tgz",
      "integrity": "sha512-5kGv7wRBJRZwV6voRpOUo1fQs2ZqFrWHa3e12cMaetWENzZdYsosLuo03MHHvBFwoWg+htBLOEnvuUiF/4hKxg==",
      "requires": {
        "@pixi/core": "^5.1.1",
        "@pixi/utils": "^5.1.1",
        "resource-loader": "^3.0.1"
      }
    },
    "@pixi/math": {
      "version": "5.1.0",
      "resolved": "https://registry.npmjs.org/@pixi/math/-/math-5.1.0.tgz",
      "integrity": "sha512-Vf9W4SgYRRQMdSq8tFViKKKGCU3iklf0RDzd+wzp4gezOxe3m0PLB7XKwvVrP1hRjUh49zIAL9JBpYREPS1EMw=="
    },
    "@pixi/runner": {
      "version": "5.1.1",
      "resolved": "https://registry.npmjs.org/@pixi/runner/-/runner-5.1.1.tgz",
      "integrity": "sha512-cOkWsRZlEgOB4IuiUW0PvU0JDMNpNTtyLeECg4DwIDYW4uQ0033zaZFSsN0EOeX0TFkpBmaJsgEIwpmw32VU0w=="
    },
    "@pixi/settings": {
      "version": "5.1.1",
      "resolved": "https://registry.npmjs.org/@pixi/settings/-/settings-5.1.1.tgz",
      "integrity": "sha512-PyK/kofKwaCXFfi0mNi4FNwH/jQjBnfRi3kyoR3K7rTiWK4gyn/tuCbAGWxzYyutUos6JrYd4gPDcHHYboJO6g==",
      "requires": {
        "ismobilejs": "^0.5.1"
      }
    },
    "@pixi/ticker": {
      "version": "5.1.1",
      "resolved": "https://registry.npmjs.org/@pixi/ticker/-/ticker-5.1.1.tgz",
      "integrity": "sha512-eUitqmwTZAialK7yXLwva/L+VHVix2mi2vvsOj5LxUo2wS32ftnjv4Etd+Gh2QCatX6P3fFowW7v2+jxjqIkPA==",
      "requires": {
        "@pixi/settings": "^5.1.1"
      }
    },
    "@pixi/utils": {
      "version": "5.1.1",
      "resolved": "https://registry.npmjs.org/@pixi/utils/-/utils-5.1.1.tgz",
      "integrity": "sha512-43loetwAhyzhpqrIdekKLR/rAkNJqvs22jHZVUdPVCU/wYeD7Tkvbg/D36/x8zQ3f0DgF2vtKaO3QAcaVyHOlQ==",
      "requires": {
        "@pixi/constants": "^5.1.0",
        "@pixi/settings": "^5.1.1",
        "earcut": "^2.1.5",
        "eventemitter3": "^3.1.0",
        "url": "^0.11.0"
      }
    },
    "clientside-require": {
      "version": "4.7.2",
      "resolved": "https://registry.npmjs.org/clientside-require/-/clientside-require-4.7.2.tgz",
      "integrity": "sha512-FdDQeHc3UUSgIZXEqw+PLlFxo/x5dOHERV2mzHFEKAGVyJiesmQ47A2WXwYYPRFYduskpnulghBcdlwrl5iaGA==",
      "requires": {
        "dynamic-serial-promise-all": "^1.1.0"
      }
    },
    "ctoa": {
      "version": "1.0.6",
      "resolved": "https://registry.npmjs.org/ctoa/-/ctoa-1.0.6.tgz",
      "integrity": "sha512-7oKXF7R/E8LMPUmUDVZZ/clHK21NIFcmZh+2PaQXmUN6TDLyK8VMbcRaNjCrbUYFGREnQncZeJaiEkpNw6L9yA=="
    },
    "dynamic-serial-promise-all": {
      "version": "1.1.0",
      "resolved": "https://registry.npmjs.org/dynamic-serial-promise-all/-/dynamic-serial-promise-all-1.1.0.tgz",
      "integrity": "sha512-cA4E9p23nU5VRlWJNN4ycauD4zao0/gtdqXwOinJ8+DvwOXQbnE/PaDGBL+uUW6AydhLON20dWy0F+4Bd44zbQ=="
    },
    "earcut": {
      "version": "2.1.5",
      "resolved": "https://registry.npmjs.org/earcut/-/earcut-2.1.5.tgz",
      "integrity": "sha512-QFWC7ywTVLtvRAJTVp8ugsuuGQ5mVqNmJ1cRYeLrSHgP3nycr2RHTJob9OtM0v8ujuoKN0NY1a93J/omeTL1PA=="
    },
    "eventemitter3": {
      "version": "3.1.2",
      "resolved": "https://registry.npmjs.org/eventemitter3/-/eventemitter3-3.1.2.tgz",
      "integrity": "sha512-tvtQIeLVHjDkJYnzf2dgVMxfuSGJeM/7UCG17TT4EumTfNtF+0nebF/4zWOIkCreAbtNqhGEboB6BWrwqNaw4Q=="
    },
    "ismobilejs": {
      "version": "0.5.2",
      "resolved": "https://registry.npmjs.org/ismobilejs/-/ismobilejs-0.5.2.tgz",
      "integrity": "sha512-ta9UdV60xVZk/ZafFtSFslQaE76SvNkcs1r73d2PVR21zVzx9xuYv9tNe4MxA1NN7WoeCc2RjGot3Bz1eHDx3Q=="
    },
    "mini-signals": {
      "version": "1.2.0",
      "resolved": "https://registry.npmjs.org/mini-signals/-/mini-signals-1.2.0.tgz",
      "integrity": "sha1-RbCAE8X65RokqhqTXNMXye1yHXQ="
    },
    "nom-events": {
      "version": "1.0.1",
      "resolved": "https://registry.npmjs.org/nom-events/-/nom-events-1.0.1.tgz",
      "integrity": "sha512-Uy4fhac6DFSbKVsX3pCu1HGsVrySMuiwzS+qpumQ1rZ7lplEa5pGS4hGHfAPXNSL80sYnX7P6m9LQ0vGtbuuwQ==",
      "requires": {
        "ctoa": "^1.0.6"
      }
    },
    "parse-uri": {
      "version": "1.0.0",
      "resolved": "https://registry.npmjs.org/parse-uri/-/parse-uri-1.0.0.tgz",
      "integrity": "sha1-KHLcwi8aeXrN4Vg9igrClVLdrCA="
    },
    "pixi-sound": {
      "version": "3.0.3",
      "resolved": "https://registry.npmjs.org/pixi-sound/-/pixi-sound-3.0.3.tgz",
      "integrity": "sha512-FPe4+DOOOJGjGpOKWOg1x+NYAsx6tKKI3gAMyI2JmALVO0WHH8/lcsfqvb3nIBgClvHHszHtK0+UKQoxZLK/XA==",
      "requires": {
        "@pixi/core": "^5.0.2",
        "@pixi/loaders": "^5.0.2",
        "@pixi/ticker": "^5.0.1",
        "@pixi/utils": "^5.0.1"
      }
    },
    "pixi.js-keyboard": {
      "version": "1.0.9",
      "resolved": "https://registry.npmjs.org/pixi.js-keyboard/-/pixi.js-keyboard-1.0.9.tgz",
      "integrity": "sha512-QP5WCEIn1A2u9Oic8uK8BIcmtGlSaZTzJCU8qhDriSWpkYmVCnuzelRTKY/pcUfzXc/l+9vDNr4tlkSDkCFKrw==",
      "requires": {
        "nom-events": "^1.0.1"
      }
    },
    "punycode": {
      "version": "1.3.2",
      "resolved": "https://registry.npmjs.org/punycode/-/punycode-1.3.2.tgz",
      "integrity": "sha1-llOgNvt8HuQjQvIyXM7v6jkmxI0="
    },
    "querystring": {
      "version": "0.2.0",
      "resolved": "https://registry.npmjs.org/querystring/-/querystring-0.2.0.tgz",
      "integrity": "sha1-sgmEkgO7Jd+CDadW50cAWHhSFiA="
    },
    "resource-loader": {
      "version": "3.0.1",
      "resolved": "https://registry.npmjs.org/resource-loader/-/resource-loader-3.0.1.tgz",
      "integrity": "sha512-fBuCRbEHdLCI1eglzQhUv9Rrdcmqkydr1r6uHE2cYHvRBrcLXeSmbE/qI/urFt8rPr/IGxir3BUwM5kUK8XoyA==",
      "requires": {
        "mini-signals": "^1.2.0",
        "parse-uri": "^1.0.0"
      }
    },
    "url": {
      "version": "0.11.0",
      "resolved": "https://registry.npmjs.org/url/-/url-0.11.0.tgz",
      "integrity": "sha1-ODjpfPxgUh63PFJajlW/3Z4uKPE=",
      "requires": {
        "punycode": "1.3.2",
        "querystring": "0.2.0"
      }
    }
  }
}
