{
  "name": "space-invaders",
  "version": "1.0.0",
  "lockfileVersion": 1,
  "requires": true,
  "dependencies": {
    "ctoa": {
      "version": "1.0.6",
      "resolved": "https://registry.npmjs.org/ctoa/-/ctoa-1.0.6.tgz",
      "integrity": "sha512-7oKXF7R/E8LMPUmUDVZZ/clHK21NIFcmZh+2PaQXmUN6TDLyK8VMbcRaNjCrbUYFGREnQncZeJaiEkpNw6L9yA=="
    },
    "nom-events": {
      "version": "1.0.1",
      "resolved": "https://registry.npmjs.org/nom-events/-/nom-events-1.0.1.tgz",
      "integrity": "sha512-Uy4fhac6DFSbKVsX3pCu1HGsVrySMuiwzS+qpumQ1rZ7lplEa5pGS4hGHfAPXNSL80sYnX7P6m9LQ0vGtbuuwQ==",
      "requires": {
        "ctoa": "^1.0.6"
      }
    },
    "pixi.js-keyboard": {
      "version": "1.0.9",
      "resolved": "https://registry.npmjs.org/pixi.js-keyboard/-/pixi.js-keyboard-1.0.9.tgz",
      "integrity": "sha512-QP5WCEIn1A2u9Oic8uK8BIcmtGlSaZTzJCU8qhDriSWpkYmVCnuzelRTKY/pcUfzXc/l+9vDNr4tlkSDkCFKrw==",
      "requires": {
        "nom-events": "^1.0.1"
      }
    }
  }
}
